// !$*UTF8*$!
{
	archiveVersion = 1;
	classes = {
	};
	objectVersion = 56;
	objects = {

/* Begin PBXBuildFile section */
		9A1D78892C3664ED00A7E27A /* ItemService.swift in Sources */ = {isa = PBXBuildFile; fileRef = 9A1D78882C3664ED00A7E27A /* ItemService.swift */; };
		9A3480402C3FDC06001858FC /* PinItem.swift in Sources */ = {isa = PBXBuildFile; fileRef = 9A34803F2C3FDC06001858FC /* PinItem.swift */; };
		9A4F61942C379B2000DDA370 /* Settings.bundle in Resources */ = {isa = PBXBuildFile; fileRef = 9A4F61932C379B1F00DDA370 /* Settings.bundle */; };
		9A59BC9D2C3BF1E400439023 /* ReverseGeocoding.swift in Sources */ = {isa = PBXBuildFile; fileRef = 9A59BC9C2C3BF1E400439023 /* ReverseGeocoding.swift */; };
		9A59BCA02C3BF25300439023 /* SQLite in Frameworks */ = {isa = PBXBuildFile; productRef = 9A59BC9F2C3BF25300439023 /* SQLite */; };
		9A59BCA22C3BF2B900439023 /* town.db in Resources */ = {isa = PBXBuildFile; fileRef = 9A59BCA12C3BF2B900439023 /* town.db */; };
		9ADCFD242C35EAFA002585E5 /* GPSLogger2App.swift in Sources */ = {isa = PBXBuildFile; fileRef = 9ADCFD232C35EAFA002585E5 /* GPSLogger2App.swift */; };
		9ADCFD262C35EAFA002585E5 /* ContentView.swift in Sources */ = {isa = PBXBuildFile; fileRef = 9ADCFD252C35EAFA002585E5 /* ContentView.swift */; };
		9ADCFD282C35EAFD002585E5 /* Assets.xcassets in Resources */ = {isa = PBXBuildFile; fileRef = 9ADCFD272C35EAFD002585E5 /* Assets.xcassets */; };
		9ADCFD2B2C35EAFD002585E5 /* Preview Assets.xcassets in Resources */ = {isa = PBXBuildFile; fileRef = 9ADCFD2A2C35EAFD002585E5 /* Preview Assets.xcassets */; };
		9ADCFD322C35ECA2002585E5 /* Item.swift in Sources */ = {isa = PBXBuildFile; fileRef = 9ADCFD312C35ECA2002585E5 /* Item.swift */; };
		9ADCFD352C35F636002585E5 /* LocationViewModel.swift in Sources */ = {isa = PBXBuildFile; fileRef = 9ADCFD342C35F636002585E5 /* LocationViewModel.swift */; };
		9ADCFD3B2C35F785002585E5 /* ErrorView.swift in Sources */ = {isa = PBXBuildFile; fileRef = 9ADCFD3A2C35F785002585E5 /* ErrorView.swift */; };
/* End PBXBuildFile section */

/* Begin PBXFileReference section */
		9A1D78882C3664ED00A7E27A /* ItemService.swift */ = {isa = PBXFileReference; lastKnownFileType = sourcecode.swift; path = ItemService.swift; sourceTree = "<group>"; };
		9A34803F2C3FDC06001858FC /* PinItem.swift */ = {isa = PBXFileReference; lastKnownFileType = sourcecode.swift; path = PinItem.swift; sourceTree = "<group>"; };
		9A4F61932C379B1F00DDA370 /* Settings.bundle */ = {isa = PBXFileReference; lastKnownFileType = "wrapper.plug-in"; path = Settings.bundle; sourceTree = "<group>"; };
		9A59BC9C2C3BF1E400439023 /* ReverseGeocoding.swift */ = {isa = PBXFileReference; lastKnownFileType = sourcecode.swift; path = ReverseGeocoding.swift; sourceTree = "<group>"; };
		9A59BCA12C3BF2B900439023 /* town.db */ = {isa = PBXFileReference; lastKnownFileType = file; path = town.db; sourceTree = "<group>"; };
		9ADCFD202C35EAFA002585E5 /* GPSLogger2.app */ = {isa = PBXFileReference; explicitFileType = wrapper.application; includeInIndex = 0; path = GPSLogger2.app; sourceTree = BUILT_PRODUCTS_DIR; };
		9ADCFD232C35EAFA002585E5 /* GPSLogger2App.swift */ = {isa = PBXFileReference; lastKnownFileType = sourcecode.swift; path = GPSLogger2App.swift; sourceTree = "<group>"; };
		9ADCFD252C35EAFA002585E5 /* ContentView.swift */ = {isa = PBXFileReference; lastKnownFileType = sourcecode.swift; path = ContentView.swift; sourceTree = "<group>"; };
		9ADCFD272C35EAFD002585E5 /* Assets.xcassets */ = {isa = PBXFileReference; lastKnownFileType = folder.assetcatalog; path = Assets.xcassets; sourceTree = "<group>"; };
		9ADCFD2A2C35EAFD002585E5 /* Preview Assets.xcassets */ = {isa = PBXFileReference; lastKnownFileType = folder.assetcatalog; path = "Preview Assets.xcassets"; sourceTree = "<group>"; };
		9ADCFD312C35ECA2002585E5 /* Item.swift */ = {isa = PBXFileReference; lastKnownFileType = sourcecode.swift; path = Item.swift; sourceTree = "<group>"; };
		9ADCFD332C35F315002585E5 /* Info.plist */ = {isa = PBXFileReference; lastKnownFileType = text.plist; path = Info.plist; sourceTree = "<group>"; };
		9ADCFD342C35F636002585E5 /* LocationViewModel.swift */ = {isa = PBXFileReference; lastKnownFileType = sourcecode.swift; path = LocationViewModel.swift; sourceTree = "<group>"; };
		9ADCFD3A2C35F785002585E5 /* ErrorView.swift */ = {isa = PBXFileReference; lastKnownFileType = sourcecode.swift; path = ErrorView.swift; sourceTree = "<group>"; };
/* End PBXFileReference section */

/* Begin PBXFrameworksBuildPhase section */
		9ADCFD1D2C35EAFA002585E5 /* Frameworks */ = {
			isa = PBXFrameworksBuildPhase;
			buildActionMask = 2147483647;
			files = (
				9A59BCA02C3BF25300439023 /* SQLite in Frameworks */,
			);
			runOnlyForDeploymentPostprocessing = 0;
		};
/* End PBXFrameworksBuildPhase section */

/* Begin PBXGroup section */
		9ADCFD172C35EAFA002585E5 = {
			isa = PBXGroup;
			children = (
				9ADCFD222C35EAFA002585E5 /* GPSLogger2 */,
				9ADCFD212C35EAFA002585E5 /* Products */,
			);
			sourceTree = "<group>";
		};
		9ADCFD212C35EAFA002585E5 /* Products */ = {
			isa = PBXGroup;
			children = (
				9ADCFD202C35EAFA002585E5 /* GPSLogger2.app */,
			);
			name = Products;
			sourceTree = "<group>";
		};
		9ADCFD222C35EAFA002585E5 /* GPSLogger2 */ = {
			isa = PBXGroup;
			children = (
				9ADCFD332C35F315002585E5 /* Info.plist */,
				9ADCFD232C35EAFA002585E5 /* GPSLogger2App.swift */,
				9ADCFD252C35EAFA002585E5 /* ContentView.swift */,
				9A59BC9C2C3BF1E400439023 /* ReverseGeocoding.swift */,
				9A59BCA12C3BF2B900439023 /* town.db */,
				9ADCFD272C35EAFD002585E5 /* Assets.xcassets */,
				9ADCFD292C35EAFD002585E5 /* Preview Content */,
				9ADCFD312C35ECA2002585E5 /* Item.swift */,
				9ADCFD342C35F636002585E5 /* LocationViewModel.swift */,
				9ADCFD3A2C35F785002585E5 /* ErrorView.swift */,
				9A1D78882C3664ED00A7E27A /* ItemService.swift */,
				9A4F61932C379B1F00DDA370 /* Settings.bundle */,
				9A34803F2C3FDC06001858FC /* PinItem.swift */,
			);
			path = GPSLogger2;
			sourceTree = "<group>";
		};
		9ADCFD292C35EAFD002585E5 /* Preview Content */ = {
			isa = PBXGroup;
			children = (
				9ADCFD2A2C35EAFD002585E5 /* Preview Assets.xcassets */,
			);
			path = "Preview Content";
			sourceTree = "<group>";
		};
/* End PBXGroup section */

/* Begin PBXNativeTarget section */
		9ADCFD1F2C35EAFA002585E5 /* GPSLogger2 */ = {
			isa = PBXNativeTarget;
			buildConfigurationList = 9ADCFD2E2C35EAFD002585E5 /* Build configuration list for PBXNativeTarget "GPSLogger2" */;
			buildPhases = (
				9ADCFD1C2C35EAFA002585E5 /* Sources */,
				9ADCFD1D2C35EAFA002585E5 /* Frameworks */,
				9ADCFD1E2C35EAFA002585E5 /* Resources */,
			);
			buildRules = (
			);
			dependencies = (
			);
			name = GPSLogger2;
			packageProductDependencies = (
				9A59BC9F2C3BF25300439023 /* SQLite */,
			);
			productName = GPSLogger2;
			productReference = 9ADCFD202C35EAFA002585E5 /* GPSLogger2.app */;
			productType = "com.apple.product-type.application";
		};
/* End PBXNativeTarget section */

/* Begin PBXProject section */
		9ADCFD182C35EAFA002585E5 /* Project object */ = {
			isa = PBXProject;
			attributes = {
				BuildIndependentTargetsInParallel = 1;
				LastSwiftUpdateCheck = 1540;
				LastUpgradeCheck = 1540;
				TargetAttributes = {
					9ADCFD1F2C35EAFA002585E5 = {
						CreatedOnToolsVersion = 15.4;
					};
				};
			};
			buildConfigurationList = 9ADCFD1B2C35EAFA002585E5 /* Build configuration list for PBXProject "GPSLogger2" */;
			compatibilityVersion = "Xcode 14.0";
			developmentRegion = en;
			hasScannedForEncodings = 0;
			knownRegions = (
				en,
				Base,
			);
			mainGroup = 9ADCFD172C35EAFA002585E5;
			packageReferences = (
				9A59BC9E2C3BF25300439023 /* XCRemoteSwiftPackageReference "SQLite.swift" */,
			);
			productRefGroup = 9ADCFD212C35EAFA002585E5 /* Products */;
			projectDirPath = "";
			projectRoot = "";
			targets = (
				9ADCFD1F2C35EAFA002585E5 /* GPSLogger2 */,
			);
		};
/* End PBXProject section */

/* Begin PBXResourcesBuildPhase section */
		9ADCFD1E2C35EAFA002585E5 /* Resources */ = {
			isa = PBXResourcesBuildPhase;
			buildActionMask = 2147483647;
			files = (
				9ADCFD2B2C35EAFD002585E5 /* Preview Assets.xcassets in Resources */,
				9A4F61942C379B2000DDA370 /* Settings.bundle in Resources */,
				9ADCFD282C35EAFD002585E5 /* Assets.xcassets in Resources */,
				9A59BCA22C3BF2B900439023 /* town.db in Resources */,
			);
			runOnlyForDeploymentPostprocessing = 0;
		};
/* End PBXResourcesBuildPhase section */

/* Begin PBXSourcesBuildPhase section */
		9ADCFD1C2C35EAFA002585E5 /* Sources */ = {
			isa = PBXSourcesBuildPhase;
			buildActionMask = 2147483647;
			files = (
				9ADCFD262C35EAFA002585E5 /* ContentView.swift in Sources */,
				9ADCFD322C35ECA2002585E5 /* Item.swift in Sources */,
				9A59BC9D2C3BF1E400439023 /* ReverseGeocoding.swift in Sources */,
				9A1D78892C3664ED00A7E27A /* ItemService.swift in Sources */,
				9ADCFD3B2C35F785002585E5 /* ErrorView.swift in Sources */,
				9ADCFD242C35EAFA002585E5 /* GPSLogger2App.swift in Sources */,
				9A3480402C3FDC06001858FC /* PinItem.swift in Sources */,
				9ADCFD352C35F636002585E5 /* LocationViewModel.swift in Sources */,
			);
			runOnlyForDeploymentPostprocessing = 0;
		};
/* End PBXSourcesBuildPhase section */

/* Begin XCBuildConfiguration section */
		9ADCFD2C2C35EAFD002585E5 /* Debug */ = {
			isa = XCBuildConfiguration;
			buildSettings = {
				ALWAYS_SEARCH_USER_PATHS = NO;
				ASSETCATALOG_COMPILER_GENERATE_SWIFT_ASSET_SYMBOL_EXTENSIONS = YES;
				CLANG_ANALYZER_NONNULL = YES;
				CLANG_ANALYZER_NUMBER_OBJECT_CONVERSION = YES_AGGRESSIVE;
				CLANG_CXX_LANGUAGE_STANDARD = "gnu++20";
				CLANG_ENABLE_MODULES = YES;
				CLANG_ENABLE_OBJC_ARC = YES;
				CLANG_ENABLE_OBJC_WEAK = YES;
				CLANG_WARN_BLOCK_CAPTURE_AUTORELEASING = YES;
				CLANG_WARN_BOOL_CONVERSION = YES;
				CLANG_WARN_COMMA = YES;
				CLANG_WARN_CONSTANT_CONVERSION = YES;
				CLANG_WARN_DEPRECATED_OBJC_IMPLEMENTATIONS = YES;
				CLANG_WARN_DIRECT_OBJC_ISA_USAGE = YES_ERROR;
				CLANG_WARN_DOCUMENTATION_COMMENTS = YES;
				CLANG_WARN_EMPTY_BODY = YES;
				CLANG_WARN_ENUM_CONVERSION = YES;
				CLANG_WARN_INFINITE_RECURSION = YES;
				CLANG_WARN_INT_CONVERSION = YES;
				CLANG_WARN_NON_LITERAL_NULL_CONVERSION = YES;
				CLANG_WARN_OBJC_IMPLICIT_RETAIN_SELF = YES;
				CLANG_WARN_OBJC_LITERAL_CONVERSION = YES;
				CLANG_WARN_OBJC_ROOT_CLASS = YES_ERROR;
				CLANG_WARN_QUOTED_INCLUDE_IN_FRAMEWORK_HEADER = YES;
				CLANG_WARN_RANGE_LOOP_ANALYSIS = YES;
				CLANG_WARN_STRICT_PROTOTYPES = YES;
				CLANG_WARN_SUSPICIOUS_MOVE = YES;
				CLANG_WARN_UNGUARDED_AVAILABILITY = YES_AGGRESSIVE;
				CLANG_WARN_UNREACHABLE_CODE = YES;
				CLANG_WARN__DUPLICATE_METHOD_MATCH = YES;
				COPY_PHASE_STRIP = NO;
				DEBUG_INFORMATION_FORMAT = dwarf;
				ENABLE_STRICT_OBJC_MSGSEND = YES;
				ENABLE_TESTABILITY = YES;
				ENABLE_USER_SCRIPT_SANDBOXING = YES;
				GCC_C_LANGUAGE_STANDARD = gnu17;
				GCC_DYNAMIC_NO_PIC = NO;
				GCC_NO_COMMON_BLOCKS = YES;
				GCC_OPTIMIZATION_LEVEL = 0;
				GCC_PREPROCESSOR_DEFINITIONS = (
					"DEBUG=1",
					"$(inherited)",
				);
				GCC_WARN_64_TO_32_BIT_CONVERSION = YES;
				GCC_WARN_ABOUT_RETURN_TYPE = YES_ERROR;
				GCC_WARN_UNDECLARED_SELECTOR = YES;
				GCC_WARN_UNINITIALIZED_AUTOS = YES_AGGRESSIVE;
				GCC_WARN_UNUSED_FUNCTION = YES;
				GCC_WARN_UNUSED_VARIABLE = YES;
				IPHONEOS_DEPLOYMENT_TARGET = 17.5;
				LOCALIZATION_PREFERS_STRING_CATALOGS = YES;
				MTL_ENABLE_DEBUG_INFO = INCLUDE_SOURCE;
				MTL_FAST_MATH = YES;
				ONLY_ACTIVE_ARCH = YES;
				SDKROOT = iphoneos;
				SWIFT_ACTIVE_COMPILATION_CONDITIONS = "DEBUG $(inherited)";
				SWIFT_OPTIMIZATION_LEVEL = "-Onone";
			};
			name = Debug;
		};
		9ADCFD2D2C35EAFD002585E5 /* Release */ = {
			isa = XCBuildConfiguration;
			buildSettings = {
				ALWAYS_SEARCH_USER_PATHS = NO;
				ASSETCATALOG_COMPILER_GENERATE_SWIFT_ASSET_SYMBOL_EXTENSIONS = YES;
				CLANG_ANALYZER_NONNULL = YES;
				CLANG_ANALYZER_NUMBER_OBJECT_CONVERSION = YES_AGGRESSIVE;
				CLANG_CXX_LANGUAGE_STANDARD = "gnu++20";
				CLANG_ENABLE_MODULES = YES;
				CLANG_ENABLE_OBJC_ARC = YES;
				CLANG_ENABLE_OBJC_WEAK = YES;
				CLANG_WARN_BLOCK_CAPTURE_AUTORELEASING = YES;
				CLANG_WARN_BOOL_CONVERSION = YES;
				CLANG_WARN_COMMA = YES;
				CLANG_WARN_CONSTANT_CONVERSION = YES;
				CLANG_WARN_DEPRECATED_OBJC_IMPLEMENTATIONS = YES;
				CLANG_WARN_DIRECT_OBJC_ISA_USAGE = YES_ERROR;
				CLANG_WARN_DOCUMENTATION_COMMENTS = YES;
				CLANG_WARN_EMPTY_BODY = YES;
				CLANG_WARN_ENUM_CONVERSION = YES;
				CLANG_WARN_INFINITE_RECURSION = YES;
				CLANG_WARN_INT_CONVERSION = YES;
				CLANG_WARN_NON_LITERAL_NULL_CONVERSION = YES;
				CLANG_WARN_OBJC_IMPLICIT_RETAIN_SELF = YES;
				CLANG_WARN_OBJC_LITERAL_CONVERSION = YES;
				CLANG_WARN_OBJC_ROOT_CLASS = YES_ERROR;
				CLANG_WARN_QUOTED_INCLUDE_IN_FRAMEWORK_HEADER = YES;
				CLANG_WARN_RANGE_LOOP_ANALYSIS = YES;
				CLANG_WARN_STRICT_PROTOTYPES = YES;
				CLANG_WARN_SUSPICIOUS_MOVE = YES;
				CLANG_WARN_UNGUARDED_AVAILABILITY = YES_AGGRESSIVE;
				CLANG_WARN_UNREACHABLE_CODE = YES;
				CLANG_WARN__DUPLICATE_METHOD_MATCH = YES;
				COPY_PHASE_STRIP = NO;
				DEBUG_INFORMATION_FORMAT = "dwarf-with-dsym";
				ENABLE_NS_ASSERTIONS = NO;
				ENABLE_STRICT_OBJC_MSGSEND = YES;
				ENABLE_USER_SCRIPT_SANDBOXING = YES;
				GCC_C_LANGUAGE_STANDARD = gnu17;
				GCC_NO_COMMON_BLOCKS = YES;
				GCC_WARN_64_TO_32_BIT_CONVERSION = YES;
				GCC_WARN_ABOUT_RETURN_TYPE = YES_ERROR;
				GCC_WARN_UNDECLARED_SELECTOR = YES;
				GCC_WARN_UNINITIALIZED_AUTOS = YES_AGGRESSIVE;
				GCC_WARN_UNUSED_FUNCTION = YES;
				GCC_WARN_UNUSED_VARIABLE = YES;
				IPHONEOS_DEPLOYMENT_TARGET = 17.5;
				LOCALIZATION_PREFERS_STRING_CATALOGS = YES;
				MTL_ENABLE_DEBUG_INFO = NO;
				MTL_FAST_MATH = YES;
				SDKROOT = iphoneos;
				SWIFT_COMPILATION_MODE = wholemodule;
				VALIDATE_PRODUCT = YES;
			};
			name = Release;
		};
		9ADCFD2F2C35EAFD002585E5 /* Debug */ = {
			isa = XCBuildConfiguration;
			buildSettings = {
				ASSETCATALOG_COMPILER_APPICON_NAME = AppIcon;
				ASSETCATALOG_COMPILER_GLOBAL_ACCENT_COLOR_NAME = AccentColor;
				CODE_SIGN_STYLE = Automatic;
				CURRENT_PROJECT_VERSION = 1;
				DEVELOPMENT_ASSET_PATHS = "\"GPSLogger2/Preview Content\"";
				DEVELOPMENT_TEAM = 5RUUTWFN27;
				ENABLE_PREVIEWS = YES;
				GENERATE_INFOPLIST_FILE = YES;
				INFOPLIST_FILE = GPSLogger2/Info.plist;
				INFOPLIST_KEY_LSSupportsOpeningDocumentsInPlace = YES;
				INFOPLIST_KEY_NSLocationAlwaysAndWhenInUseUsageDescription = "ユーザーの居場所を取得するためにバックグラウンド実行中も位置情報を取得します。";
				INFOPLIST_KEY_NSLocationWhenInUseUsageDescription = "ユーザーの居場所を取得するために位置情報を取得します。";
				INFOPLIST_KEY_UIApplicationSceneManifest_Generation = YES;
				INFOPLIST_KEY_UIApplicationSupportsIndirectInputEvents = YES;
				INFOPLIST_KEY_UILaunchScreen_Generation = YES;
				INFOPLIST_KEY_UISupportedInterfaceOrientations_iPad = "UIInterfaceOrientationPortrait UIInterfaceOrientationPortraitUpsideDown UIInterfaceOrientationLandscapeLeft UIInterfaceOrientationLandscapeRight";
				INFOPLIST_KEY_UISupportedInterfaceOrientations_iPhone = "UIInterfaceOrientationPortrait UIInterfaceOrientationLandscapeLeft UIInterfaceOrientationLandscapeRight";
				LD_RUNPATH_SEARCH_PATHS = (
					"$(inherited)",
					"@executable_path/Frameworks",
				);
				MARKETING_VERSION = 1.0;
				PRODUCT_BUNDLE_IDENTIFIER = "jp.gr.java-conf.ya.GPSLogger2";
				PRODUCT_NAME = "$(TARGET_NAME)";
				SWIFT_EMIT_LOC_STRINGS = YES;
				SWIFT_VERSION = 5.0;
				TARGETED_DEVICE_FAMILY = "1,2";
			};
			name = Debug;
		};
		9ADCFD302C35EAFD002585E5 /* Release */ = {
			isa = XCBuildConfiguration;
			buildSettings = {
				ASSETCATALOG_COMPILER_APPICON_NAME = AppIcon;
				ASSETCATALOG_COMPILER_GLOBAL_ACCENT_COLOR_NAME = AccentColor;
				CODE_SIGN_STYLE = Automatic;
				CURRENT_PROJECT_VERSION = 1;
				DEVELOPMENT_ASSET_PATHS = "\"GPSLogger2/Preview Content\"";
				DEVELOPMENT_TEAM = 5RUUTWFN27;
				ENABLE_PREVIEWS = YES;
				GENERATE_INFOPLIST_FILE = YES;
				INFOPLIST_FILE = GPSLogger2/Info.plist;
				INFOPLIST_KEY_LSSupportsOpeningDocumentsInPlace = YES;
				INFOPLIST_KEY_NSLocationAlwaysAndWhenInUseUsageDescription = "ユーザーの居場所を取得するためにバックグラウンド実行中も位置情報を取得します。";
				INFOPLIST_KEY_NSLocationWhenInUseUsageDescription = "ユーザーの居場所を取得するために位置情報を取得します。";
				INFOPLIST_KEY_UIApplicationSceneManifest_Generation = YES;
				INFOPLIST_KEY_UIApplicationSupportsIndirectInputEvents = YES;
				INFOPLIST_KEY_UILaunchScreen_Generation = YES;
				INFOPLIST_KEY_UISupportedInterfaceOrientations_iPad = "UIInterfaceOrientationPortrait UIInterfaceOrientationPortraitUpsideDown UIInterfaceOrientationLandscapeLeft UIInterfaceOrientationLandscapeRight";
				INFOPLIST_KEY_UISupportedInterfaceOrientations_iPhone = "UIInterfaceOrientationPortrait UIInterfaceOrientationLandscapeLeft UIInterfaceOrientationLandscapeRight";
				LD_RUNPATH_SEARCH_PATHS = (
					"$(inherited)",
					"@executable_path/Frameworks",
				);
				MARKETING_VERSION = 1.0;
				PRODUCT_BUNDLE_IDENTIFIER = "jp.gr.java-conf.ya.GPSLogger2";
				PRODUCT_NAME = "$(TARGET_NAME)";
				SWIFT_EMIT_LOC_STRINGS = YES;
				SWIFT_VERSION = 5.0;
				TARGETED_DEVICE_FAMILY = "1,2";
			};
			name = Release;
		};
/* End XCBuildConfiguration section */

/* Begin XCConfigurationList section */
		9ADCFD1B2C35EAFA002585E5 /* Build configuration list for PBXProject "GPSLogger2" */ = {
			isa = XCConfigurationList;
			buildConfigurations = (
				9ADCFD2C2C35EAFD002585E5 /* Debug */,
				9ADCFD2D2C35EAFD002585E5 /* Release */,
			);
			defaultConfigurationIsVisible = 0;
			defaultConfigurationName = Release;
		};
		9ADCFD2E2C35EAFD002585E5 /* Build configuration list for PBXNativeTarget "GPSLogger2" */ = {
			isa = XCConfigurationList;
			buildConfigurations = (
				9ADCFD2F2C35EAFD002585E5 /* Debug */,
				9ADCFD302C35EAFD002585E5 /* Release */,
			);
			defaultConfigurationIsVisible = 0;
			defaultConfigurationName = Release;
		};
/* End XCConfigurationList section */

/* Begin XCRemoteSwiftPackageReference section */
		9A59BC9E2C3BF25300439023 /* XCRemoteSwiftPackageReference "SQLite.swift" */ = {
			isa = XCRemoteSwiftPackageReference;
			repositoryURL = "https://github.com/stephencelis/SQLite.swift.git";
			requirement = {
				kind = upToNextMajorVersion;
				minimumVersion = 0.15.3;
			};
		};
/* End XCRemoteSwiftPackageReference section */

/* Begin XCSwiftPackageProductDependency section */
		9A59BC9F2C3BF25300439023 /* SQLite */ = {
			isa = XCSwiftPackageProductDependency;
			package = 9A59BC9E2C3BF25300439023 /* XCRemoteSwiftPackageReference "SQLite.swift" */;
			productName = SQLite;
		};
/* End XCSwiftPackageProductDependency section */
	};
	rootObject = 9ADCFD182C35EAFA002585E5 /* Project object */;
}
